{
  "name": "push-model",
  "version": "1.0.0",
  "lockfileVersion": 2,
  "requires": true,
  "packages": {
    "": {
      "name": "push-model",
      "version": "1.0.0",
      "license": "MIT",
      "dependencies": {
        "@types/node": "^20.14.4",
        "json-pointer": "^0.6.2",
        "jsonpatch-observe": "^1.0.0",
        "ws": "^8.17.1"
      },
      "devDependencies": {
        "@types/json-pointer": "^1.0.34",
        "@types/ws": "^8.5.10",
        "typescript": "^5.4.5"
      },
      "engines": {
        "node": ">=6.4.0"
      }
    },
    "node_modules/@types/json-pointer": {
      "version": "1.0.34",
      "resolved": "https://registry.npmjs.org/@types/json-pointer/-/json-pointer-1.0.34.tgz",
      "integrity": "sha512-JRnWcxzXSaLei98xgw1B7vAeBVOrkyw0+Rt9j1QoJrczE78OpHsyQC8GNbuhw+/2vxxDe58QvWnngS86CoIbRg==",
      "dev": true
    },
    "node_modules/@types/node": {
      "version": "20.14.4",
      "resolved": "https://registry.npmjs.org/@types/node/-/node-20.14.4.tgz",
      "integrity": "sha512-1ChboN+57suCT2t/f8lwtPY/k3qTpuD/qnqQuYoBg6OQOcPyaw7PiZVdGpaZYAvhDDtqrt0oAaM8+oSu1xsUGw==",
      "dependencies": {
        "undici-types": "~5.26.4"
      }
    },
    "node_modules/@types/ws": {
      "version": "8.5.10",
      "resolved": "https://registry.npmjs.org/@types/ws/-/ws-8.5.10.tgz",
      "integrity": "sha512-vmQSUcfalpIq0R9q7uTo2lXs6eGIpt9wtnLdMv9LVpIjCA/+ufZRozlVoVelIYixx1ugCBKDhn89vnsEGOCx9A==",
      "dev": true,
      "dependencies": {
        "@types/node": "*"
      }
    },
    "node_modules/foreach": {
      "version": "2.0.5",
      "resolved": "https://registry.npmjs.org/foreach/-/foreach-2.0.5.tgz",
      "integrity": "sha1-C+4AUBiusmDQo6865ljdATbsG5k="
    },
    "node_modules/json-pointer": {
      "version": "0.6.2",
      "resolved": "https://registry.npmjs.org/json-pointer/-/json-pointer-0.6.2.tgz",
      "integrity": "sha512-vLWcKbOaXlO+jvRy4qNd+TI1QUPZzfJj1tpJ3vAXDych5XJf93ftpUKe5pKCrzyIIwgBJcOcCVRUfqQP25afBw==",
      "dependencies": {
        "foreach": "^2.0.4"
      }
    },
    "node_modules/jsonpatch-observe": {
      "version": "1.0.0",
      "resolved": "https://registry.npmjs.org/jsonpatch-observe/-/jsonpatch-observe-1.0.0.tgz",
      "integrity": "sha512-Sn6XeHMoPKeHYqqgzpDuGyHIuAYmGfhbd4LN+prbEvsRdzuxYL99UWSMYaReo1NVX06ClXoDWFrTFEjhWrFsfQ==",
      "engines": {
        "node": ">=6.4.0"
      }
    },
    "node_modules/typescript": {
      "version": "5.4.5",
      "resolved": "https://registry.npmjs.org/typescript/-/typescript-5.4.5.tgz",
      "integrity": "sha512-vcI4UpRgg81oIRUFwR0WSIHKt11nJ7SAVlYNIu+QpqeyXP+gpQJy/Z4+F0aGxSE4MqwjyXvW/TzgkLAx2AGHwQ==",
      "dev": true,
      "bin": {
        "tsc": "bin/tsc",
        "tsserver": "bin/tsserver"
      },
      "engines": {
        "node": ">=14.17"
      }
    },
    "node_modules/undici-types": {
      "version": "5.26.5",
      "resolved": "https://registry.npmjs.org/undici-types/-/undici-types-5.26.5.tgz",
      "integrity": "sha512-JlCMO+ehdEIKqlFxk6IfVoAUVmgz7cU7zD/h9XZ0qzeosSHmUJVOzSQvvYSYWXkFXC+IfLKSIffhv0sVZup6pA=="
    },
    "node_modules/ws": {
      "version": "8.17.1",
      "resolved": "https://registry.npmjs.org/ws/-/ws-8.17.1.tgz",
      "integrity": "sha512-6XQFvXTkbfUOZOKKILFG1PDK2NDQs4azKQl26T0YS5CxqWLgXajbPZ+h4gZekJyRqFU8pvnbAbbs/3TgRPy+GQ==",
      "engines": {
        "node": ">=10.0.0"
      },
      "peerDependencies": {
        "bufferutil": "^4.0.1",
        "utf-8-validate": ">=5.0.2"
      },
      "peerDependenciesMeta": {
        "bufferutil": {
          "optional": true
        },
        "utf-8-validate": {
          "optional": true
        }
      }
    }
  },
  "dependencies": {
    "@types/json-pointer": {
      "version": "1.0.34",
      "resolved": "https://registry.npmjs.org/@types/json-pointer/-/json-pointer-1.0.34.tgz",
      "integrity": "sha512-JRnWcxzXSaLei98xgw1B7vAeBVOrkyw0+Rt9j1QoJrczE78OpHsyQC8GNbuhw+/2vxxDe58QvWnngS86CoIbRg==",
      "dev": true
    },
    "@types/node": {
      "version": "20.14.4",
      "resolved": "https://registry.npmjs.org/@types/node/-/node-20.14.4.tgz",
      "integrity": "sha512-1ChboN+57suCT2t/f8lwtPY/k3qTpuD/qnqQuYoBg6OQOcPyaw7PiZVdGpaZYAvhDDtqrt0oAaM8+oSu1xsUGw==",
      "requires": {
        "undici-types": "~5.26.4"
      }
    },
    "@types/ws": {
      "version": "8.5.10",
      "resolved": "https://registry.npmjs.org/@types/ws/-/ws-8.5.10.tgz",
      "integrity": "sha512-vmQSUcfalpIq0R9q7uTo2lXs6eGIpt9wtnLdMv9LVpIjCA/+ufZRozlVoVelIYixx1ugCBKDhn89vnsEGOCx9A==",
      "dev": true,
      "requires": {
        "@types/node": "*"
      }
    },
    "foreach": {
      "version": "2.0.5",
      "resolved": "https://registry.npmjs.org/foreach/-/foreach-2.0.5.tgz",
      "integrity": "sha1-C+4AUBiusmDQo6865ljdATbsG5k="
    },
    "json-pointer": {
      "version": "0.6.2",
      "resolved": "https://registry.npmjs.org/json-pointer/-/json-pointer-0.6.2.tgz",
      "integrity": "sha512-vLWcKbOaXlO+jvRy4qNd+TI1QUPZzfJj1tpJ3vAXDych5XJf93ftpUKe5pKCrzyIIwgBJcOcCVRUfqQP25afBw==",
      "requires": {
        "foreach": "^2.0.4"
      }
    },
    "jsonpatch-observe": {
      "version": "1.0.0",
      "resolved": "https://registry.npmjs.org/jsonpatch-observe/-/jsonpatch-observe-1.0.0.tgz",
      "integrity": "sha512-Sn6XeHMoPKeHYqqgzpDuGyHIuAYmGfhbd4LN+prbEvsRdzuxYL99UWSMYaReo1NVX06ClXoDWFrTFEjhWrFsfQ=="
    },
    "typescript": {
      "version": "5.4.5",
      "resolved": "https://registry.npmjs.org/typescript/-/typescript-5.4.5.tgz",
      "integrity": "sha512-vcI4UpRgg81oIRUFwR0WSIHKt11nJ7SAVlYNIu+QpqeyXP+gpQJy/Z4+F0aGxSE4MqwjyXvW/TzgkLAx2AGHwQ==",
      "dev": true
    },
    "undici-types": {
      "version": "5.26.5",
      "resolved": "https://registry.npmjs.org/undici-types/-/undici-types-5.26.5.tgz",
      "integrity": "sha512-JlCMO+ehdEIKqlFxk6IfVoAUVmgz7cU7zD/h9XZ0qzeosSHmUJVOzSQvvYSYWXkFXC+IfLKSIffhv0sVZup6pA=="
    },
    "ws": {
      "version": "8.17.1",
      "resolved": "https://registry.npmjs.org/ws/-/ws-8.17.1.tgz",
      "integrity": "sha512-6XQFvXTkbfUOZOKKILFG1PDK2NDQs4azKQl26T0YS5CxqWLgXajbPZ+h4gZekJyRqFU8pvnbAbbs/3TgRPy+GQ==",
      "requires": {}
    }
  }
}
